<Solution>
  <Project Path="NinjagoScanner.Scanner.Abstractions/NinjagoScanner.Scanner.Abstractions.csproj" />
  <Project Path="NinjagoScanner.Backend/NinjagoScanner.Backend.csproj" />
  <Project Path="NinjagoScanner.Desktop/NinjagoScanner.Desktop.csproj">
    <Platform Project="x86" />
  </Project>
  <Project Path="NinjagoScanner.Web/NinjagoScanner.Web.csproj" />
</Solution>
